{
    "version": 3,
    "terraform_version": "0.11.7",
    "serial": 4,
    "lineage": "8caae9ff-583a-c3e6-d972-21ed189a1e82",
    "modules": [
        {
            "path": [
                "root"
            ],
            "outputs": {
                "db_connection_name": {
                    "sensitive": false,
                    "type": "string",
                    "value": "rescued-animals-platform:southamerica-east1:terraform-20180604035132111700000001"
                }
            },
            "resources": {
                "google_sql_database.adoption-service": {
                    "type": "google_sql_database",
                    "depends_on": [
                        "google_sql_database_instance.master"
                    ],
                    "primary": {
                        "id": "terraform-20180604035132111700000001:animal_adoption_db",
                        "attributes": {
                            "charset": "UTF8",
                            "collation": "en_US.UTF8",
                            "id": "terraform-20180604035132111700000001:animal_adoption_db",
                            "instance": "terraform-20180604035132111700000001",
                            "name": "animal_adoption_db",
                            "project": "rescued-animals-platform",
                            "self_link": "https://www.googleapis.com/sql/v1beta4/projects/rescued-animals-platform/instances/terraform-20180604035132111700000001/databases/animal_adoption_db"
                        },
                        "meta": {
                            "e2bfb730-ecaa-11e6-8f88-34363bc7c4c0": {
                                "create": 900000000000,
                                "delete": 600000000000,
                                "update": 600000000000
                            }
                        },
                        "tainted": false
                    },
                    "deposed": [],
                    "provider": "provider.google"
                },
                "google_sql_database_instance.master": {
                    "type": "google_sql_database_instance",
                    "depends_on": [],
                    "primary": {
                        "id": "terraform-20180604035132111700000001",
                        "attributes": {
                            "connection_name": "rescued-animals-platform:southamerica-east1:terraform-20180604035132111700000001",
                            "database_version": "POSTGRES_9_6",
                            "first_ip_address": "35.199.90.35",
                            "id": "terraform-20180604035132111700000001",
                            "ip_address.#": "1",
                            "ip_address.0.ip_address": "35.199.90.35",
                            "ip_address.0.time_to_retire": "",
                            "master_instance_name": "",
                            "name": "terraform-20180604035132111700000001",
                            "project": "rescued-animals-platform",
                            "region": "southamerica-east1",
                            "replica_configuration.#": "0",
                            "self_link": "https://www.googleapis.com/sql/v1beta4/projects/rescued-animals-platform/instances/terraform-20180604035132111700000001",
                            "server_ca_cert.#": "1",
                            "server_ca_cert.0.cert": "-----BEGIN CERTIFICATE-----\nMIIDITCCAgmgAwIBAgIBADANBgkqhkiG9w0BAQsFADBIMSMwIQYDVQQDExpHb29n\nbGUgQ2xvdWQgU1FMIFNlcnZlciBDQTEUMBIGA1UEChMLR29vZ2xlLCBJbmMxCzAJ\nBgNVBAYTAlVTMB4XDTE4MDYwNDAzNTEzN1oXDTI4MDYwMTAzNTIzN1owSDEjMCEG\nA1UEAxMaR29vZ2xlIENsb3VkIFNRTCBTZXJ2ZXIgQ0ExFDASBgNVBAoTC0dvb2ds\nZSwgSW5jMQswCQYDVQQGEwJVUzCCASIwDQYJKoZIhvcNAQEBBQADggEPADCCAQoC\nggEBAKO6D/daUxPBJrWexIgKgUxY8YnG2yXkzNIttgv9ZmJTVT04doSbH3728ucH\nPWaSSpvh/Pzeb4X0GthCODInXeP+dp4fFaMYtFFcciAcFs+cLaaWpOwqA2vE99VY\n3bt5FIPLJcrI3Nzr4aILfO6LBFIELY81JDgzGL7HMt7mY6NTvLxYAq8KZmHq7koV\nv+UFK4UHDbNHl+g894qeD1IPkDiPiVUx7N/doxKWtPpqNMAIFuWRrZC0fxwm3kUc\nkVohijEgCZr8pfQPxCPGqlADu142XccwXIHBIp7gpvBLw8YuIgN2wXBFBqJHNi2N\nmM0bYYj8LFqztB3j4UwZcUFkh5MCAwEAAaMWMBQwEgYDVR0TAQH/BAgwBgEB/wIB\nADANBgkqhkiG9w0BAQsFAAOCAQEAYCWd9rwcb+ih+DwcH/SPulV7WkOd1sY3eAJS\nKhLpPubbWut2AZuPCLfMmqXyR0vh2h9XshU6hqLyZNiGz96eI70xkVr3GzdiFLpF\nxv2YE39EBqEzNogSq7gH5bgeHcYtDMlXjFh5oFYh3xsrzDFCLcI0EUdELZNWHaOa\njGo6YKmjxx4jAJkQiRf58IoNUhmDXucK+guVi3ShEnuhp0HRo6tc+9mjOztDuFg4\nYU/XVAH4VGG52z0JS94WjSLSdZF4NMWoBHdSUVBGwQF5ZzhJXPol+dItFudAoTRg\n+bvZycnaPPnOZPoolw3uRs2CxMBaDZKxAM3TUZZYiiWaKKvGxg==\n-----END CERTIFICATE-----",
                            "server_ca_cert.0.common_name": "C=US,O=Google\\, Inc,CN=Google Cloud SQL Server CA",
                            "server_ca_cert.0.create_time": "2018-06-04T03:51:37.329Z",
                            "server_ca_cert.0.expiration_time": "2028-06-01T03:52:37.329Z",
                            "server_ca_cert.0.sha1_fingerprint": "3f9788966b592e808e93db182c74b2fd2c50c86f",
                            "settings.#": "1",
                            "settings.0.activation_policy": "ALWAYS",
                            "settings.0.authorized_gae_applications.#": "0",
                            "settings.0.availability_type": "ZONAL",
                            "settings.0.backup_configuration.#": "1",
                            "settings.0.backup_configuration.0.binary_log_enabled": "false",
                            "settings.0.backup_configuration.0.enabled": "false",
                            "settings.0.backup_configuration.0.start_time": "12:00",
                            "settings.0.crash_safe_replication": "false",
                            "settings.0.database_flags.#": "0",
                            "settings.0.disk_autoresize": "true",
                            "settings.0.disk_size": "10",
                            "settings.0.disk_type": "PD_SSD",
                            "settings.0.ip_configuration.#": "1",
                            "settings.0.ip_configuration.0.authorized_networks.#": "0",
                            "settings.0.ip_configuration.0.ipv4_enabled": "true",
                            "settings.0.ip_configuration.0.require_ssl": "false",
                            "settings.0.location_preference.#": "1",
                            "settings.0.location_preference.0.follow_gae_application": "",
                            "settings.0.location_preference.0.zone": "",
                            "settings.0.maintenance_window.#": "0",
                            "settings.0.pricing_plan": "PER_USE",
                            "settings.0.replication_type": "SYNCHRONOUS",
                            "settings.0.tier": "db-f1-micro",
                            "settings.0.version": "1"
                        },
                        "meta": {
                            "e2bfb730-ecaa-11e6-8f88-34363bc7c4c0": {
                                "create": 600000000000,
                                "delete": 600000000000,
                                "update": 600000000000
                            }
                        },
                        "tainted": false
                    },
                    "deposed": [],
                    "provider": "provider.google"
                },
                "google_sql_user.users": {
                    "type": "google_sql_user",
                    "depends_on": [
                        "google_sql_database_instance.master"
                    ],
                    "primary": {
                        "id": "postgres//terraform-20180604035132111700000001",
                        "attributes": {
                            "host": "",
                            "id": "postgres//terraform-20180604035132111700000001",
                            "instance": "terraform-20180604035132111700000001",
                            "name": "postgres",
                            "password": "coven-stiff-isolate-vague-squeal",
                            "project": "rescued-animals-platform"
                        },
                        "meta": {
                            "schema_version": "1"
                        },
                        "tainted": false
                    },
                    "deposed": [],
                    "provider": "provider.google"
                }
            },
            "depends_on": []
        }
    ]
}
